github.com/mark-summerfield/gong v1.5.0 h1:sOyh3lpsAMxQH2Eh+ZCmAgboj4xFgpSbMs23jcvy9pY=
github.com/mark-summerfield/gong v1.5.0/go.mod h1:72YkDglj79LfsGLYGCTcAt3gxlKDE/sooYQ/gVShkKg=
github.com/mark-summerfield/gset v1.0.0 h1:HEX6J24jl2KjjcB8yaMh5vmLuxuCP0P5DMPsplSZRxo=
github.com/mark-summerfield/gset v1.0.0/go.mod h1:jb1agQGrUL7sBHwlyAqttlg7k3tTRy1WcUhfQgpJdA8=
